// !$*UTF8*$!
{
	archiveVersion = 1;
	classes = {
	};
	objectVersion = 46;
	objects = {

/* Begin PBXBuildFile section */
		A02586F61ED5788B006C980C /* AppDelegate.swift in Sources */ = {isa = PBXBuildFile; fileRef = A02586F51ED5788B006C980C /* AppDelegate.swift */; };
		A02586F81ED5788B006C980C /* ViewController.swift in Sources */ = {isa = PBXBuildFile; fileRef = A02586F71ED5788B006C980C /* ViewController.swift */; };
		A02586FB1ED5788B006C980C /* Main.storyboard in Resources */ = {isa = PBXBuildFile; fileRef = A02586F91ED5788B006C980C /* Main.storyboard */; };
		A02586FD1ED5788B006C980C /* Assets.xcassets in Resources */ = {isa = PBXBuildFile; fileRef = A02586FC1ED5788B006C980C /* Assets.xcassets */; };
		A02587001ED5788B006C980C /* LaunchScreen.storyboard in Resources */ = {isa = PBXBuildFile; fileRef = A02586FE1ED5788B006C980C /* LaunchScreen.storyboard */; };
		A025870B1ED5788B006C980C /* RxTestTests.swift in Sources */ = {isa = PBXBuildFile; fileRef = A025870A1ED5788B006C980C /* RxTestTests.swift */; };
		A02587171ED57941006C980C /* RxSwift.framework in Frameworks */ = {isa = PBXBuildFile; fileRef = A02587161ED57941006C980C /* RxSwift.framework */; };
		A02587191ED57948006C980C /* RxSwift.framework in Frameworks */ = {isa = PBXBuildFile; fileRef = A02587181ED57948006C980C /* RxSwift.framework */; settings = {ATTRIBUTES = (Required, ); }; };
		A025871B1ED5794C006C980C /* RxBlocking.framework in Frameworks */ = {isa = PBXBuildFile; fileRef = A025871A1ED5794C006C980C /* RxBlocking.framework */; settings = {ATTRIBUTES = (Required, ); }; };
		A025871D1ED57951006C980C /* RxCocoa.framework in Frameworks */ = {isa = PBXBuildFile; fileRef = A025871C1ED57951006C980C /* RxCocoa.framework */; settings = {ATTRIBUTES = (Required, ); }; };
		A025871F1ED57956006C980C /* RxCocoa.framework in Frameworks */ = {isa = PBXBuildFile; fileRef = A025871E1ED57956006C980C /* RxCocoa.framework */; };
		A02587241ED579F4006C980C /* RxSwift.framework in Frameworks */ = {isa = PBXBuildFile; fileRef = A02587231ED579F3006C980C /* RxSwift.framework */; };
		A02587251ED579F4006C980C /* RxSwift.framework in Embed Frameworks */ = {isa = PBXBuildFile; fileRef = A02587231ED579F3006C980C /* RxSwift.framework */; settings = {ATTRIBUTES = (CodeSignOnCopy, RemoveHeadersOnCopy, ); }; };
		A02587271ED579F4006C980C /* RxCocoa.framework in Frameworks */ = {isa = PBXBuildFile; fileRef = A02587261ED579F4006C980C /* RxCocoa.framework */; };
		A02587281ED579F4006C980C /* RxCocoa.framework in Embed Frameworks */ = {isa = PBXBuildFile; fileRef = A02587261ED579F4006C980C /* RxCocoa.framework */; settings = {ATTRIBUTES = (CodeSignOnCopy, RemoveHeadersOnCopy, ); }; };
		A025872A1ED579F4006C980C /* RxBlocking.framework in Frameworks */ = {isa = PBXBuildFile; fileRef = A02587291ED579F4006C980C /* RxBlocking.framework */; };
		A025872B1ED579F4006C980C /* RxBlocking.framework in Embed Frameworks */ = {isa = PBXBuildFile; fileRef = A02587291ED579F4006C980C /* RxBlocking.framework */; settings = {ATTRIBUTES = (CodeSignOnCopy, RemoveHeadersOnCopy, ); }; };
		A025872E1ED57AFF006C980C /* ObservableBasicTest.swift in Sources */ = {isa = PBXBuildFile; fileRef = A025872D1ED57AFF006C980C /* ObservableBasicTest.swift */; };
		A02587301ED57B50006C980C /* Helpers.swift in Sources */ = {isa = PBXBuildFile; fileRef = A025872F1ED57B50006C980C /* Helpers.swift */; };
/* End PBXBuildFile section */

/* Begin PBXContainerItemProxy section */
		A02587071ED5788B006C980C /* PBXContainerItemProxy */ = {
			isa = PBXContainerItemProxy;
			containerPortal = A02586EA1ED5788B006C980C /* Project object */;
			proxyType = 1;
			remoteGlobalIDString = A02586F11ED5788B006C980C;
			remoteInfo = RxTest;
		};
/* End PBXContainerItemProxy section */

/* Begin PBXCopyFilesBuildPhase section */
		A025872C1ED579F4006C980C /* Embed Frameworks */ = {
			isa = PBXCopyFilesBuildPhase;
			buildActionMask = 2147483647;
			dstPath = "";
			dstSubfolderSpec = 10;
			files = (
				A02587281ED579F4006C980C /* RxCocoa.framework in Embed Frameworks */,
				A02587251ED579F4006C980C /* RxSwift.framework in Embed Frameworks */,
				A025872B1ED579F4006C980C /* RxBlocking.framework in Embed Frameworks */,
			);
			name = "Embed Frameworks";
			runOnlyForDeploymentPostprocessing = 0;
		};
/* End PBXCopyFilesBuildPhase section */

/* Begin PBXFileReference section */
		A02586F21ED5788B006C980C /* RxTest.app */ = {isa = PBXFileReference; explicitFileType = wrapper.application; includeInIndex = 0; path = RxTest.app; sourceTree = BUILT_PRODUCTS_DIR; };
		A02586F51ED5788B006C980C /* AppDelegate.swift */ = {isa = PBXFileReference; lastKnownFileType = sourcecode.swift; path = AppDelegate.swift; sourceTree = "<group>"; };
		A02586F71ED5788B006C980C /* ViewController.swift */ = {isa = PBXFileReference; lastKnownFileType = sourcecode.swift; path = ViewController.swift; sourceTree = "<group>"; };
		A02586FA1ED5788B006C980C /* Base */ = {isa = PBXFileReference; lastKnownFileType = file.storyboard; name = Base; path = Base.lproj/Main.storyboard; sourceTree = "<group>"; };
		A02586FC1ED5788B006C980C /* Assets.xcassets */ = {isa = PBXFileReference; lastKnownFileType = folder.assetcatalog; path = Assets.xcassets; sourceTree = "<group>"; };
		A02586FF1ED5788B006C980C /* Base */ = {isa = PBXFileReference; lastKnownFileType = file.storyboard; name = Base; path = Base.lproj/LaunchScreen.storyboard; sourceTree = "<group>"; };
		A02587011ED5788B006C980C /* Info.plist */ = {isa = PBXFileReference; lastKnownFileType = text.plist.xml; path = Info.plist; sourceTree = "<group>"; };
		A02587061ED5788B006C980C /* RxTestTests.xctest */ = {isa = PBXFileReference; explicitFileType = wrapper.cfbundle; includeInIndex = 0; path = RxTestTests.xctest; sourceTree = BUILT_PRODUCTS_DIR; };
		A025870A1ED5788B006C980C /* RxTestTests.swift */ = {isa = PBXFileReference; lastKnownFileType = sourcecode.swift; path = RxTestTests.swift; sourceTree = "<group>"; };
		A025870C1ED5788B006C980C /* Info.plist */ = {isa = PBXFileReference; lastKnownFileType = text.plist.xml; path = Info.plist; sourceTree = "<group>"; };
		A02587161ED57941006C980C /* RxSwift.framework */ = {isa = PBXFileReference; lastKnownFileType = wrapper.framework; name = RxSwift.framework; path = "../RxSwift/build/Debug-iphoneos/RxSwift.framework"; sourceTree = "<group>"; };
		A02587181ED57948006C980C /* RxSwift.framework */ = {isa = PBXFileReference; lastKnownFileType = wrapper.framework; name = RxSwift.framework; path = "../RxSwift/build/Debug-iphoneos/RxSwift.framework"; sourceTree = "<group>"; };
		A025871A1ED5794C006C980C /* RxBlocking.framework */ = {isa = PBXFileReference; lastKnownFileType = wrapper.framework; name = RxBlocking.framework; path = "../RxSwift/build/Debug-iphoneos/RxBlocking.framework"; sourceTree = "<group>"; };
		A025871C1ED57951006C980C /* RxCocoa.framework */ = {isa = PBXFileReference; lastKnownFileType = wrapper.framework; name = RxCocoa.framework; path = "../RxSwift/build/Debug-iphoneos/RxCocoa.framework"; sourceTree = "<group>"; };
		A025871E1ED57956006C980C /* RxCocoa.framework */ = {isa = PBXFileReference; lastKnownFileType = wrapper.framework; name = RxCocoa.framework; path = "../RxSwift/build/Debug-iphoneos/RxCocoa.framework"; sourceTree = "<group>"; };
		A02587231ED579F3006C980C /* RxSwift.framework */ = {isa = PBXFileReference; explicitFileType = wrapper.framework; path = RxSwift.framework; sourceTree = BUILT_PRODUCTS_DIR; };
		A02587261ED579F4006C980C /* RxCocoa.framework */ = {isa = PBXFileReference; explicitFileType = wrapper.framework; path = RxCocoa.framework; sourceTree = BUILT_PRODUCTS_DIR; };
		A02587291ED579F4006C980C /* RxBlocking.framework */ = {isa = PBXFileReference; explicitFileType = wrapper.framework; path = RxBlocking.framework; sourceTree = BUILT_PRODUCTS_DIR; };
		A025872D1ED57AFF006C980C /* ObservableBasicTest.swift */ = {isa = PBXFileReference; fileEncoding = 4; lastKnownFileType = sourcecode.swift; path = ObservableBasicTest.swift; sourceTree = "<group>"; };
		A025872F1ED57B50006C980C /* Helpers.swift */ = {isa = PBXFileReference; fileEncoding = 4; lastKnownFileType = sourcecode.swift; path = Helpers.swift; sourceTree = "<group>"; };
/* End PBXFileReference section */

/* Begin PBXFrameworksBuildPhase section */
		A02586EF1ED5788B006C980C /* Frameworks */ = {
			isa = PBXFrameworksBuildPhase;
			buildActionMask = 2147483647;
			files = (
				A02587271ED579F4006C980C /* RxCocoa.framework in Frameworks */,
				A025872A1ED579F4006C980C /* RxBlocking.framework in Frameworks */,
				A025871F1ED57956006C980C /* RxCocoa.framework in Frameworks */,
				A02587171ED57941006C980C /* RxSwift.framework in Frameworks */,
				A02587241ED579F4006C980C /* RxSwift.framework in Frameworks */,
			);
			runOnlyForDeploymentPostprocessing = 0;
		};
		A02587031ED5788B006C980C /* Frameworks */ = {
			isa = PBXFrameworksBuildPhase;
			buildActionMask = 2147483647;
			files = (
				A025871D1ED57951006C980C /* RxCocoa.framework in Frameworks */,
				A025871B1ED5794C006C980C /* RxBlocking.framework in Frameworks */,
				A02587191ED57948006C980C /* RxSwift.framework in Frameworks */,
			);
			runOnlyForDeploymentPostprocessing = 0;
		};
/* End PBXFrameworksBuildPhase section */

/* Begin PBXGroup section */
		A02586E91ED5788B006C980C = {
			isa = PBXGroup;
			children = (
				A02586F41ED5788B006C980C /* RxTest */,
				A02587091ED5788B006C980C /* RxTestTests */,
				A02586F31ED5788B006C980C /* Products */,
				A02587151ED57941006C980C /* Frameworks */,
			);
			sourceTree = "<group>";
		};
		A02586F31ED5788B006C980C /* Products */ = {
			isa = PBXGroup;
			children = (
				A02586F21ED5788B006C980C /* RxTest.app */,
				A02587061ED5788B006C980C /* RxTestTests.xctest */,
			);
			name = Products;
			sourceTree = "<group>";
		};
		A02586F41ED5788B006C980C /* RxTest */ = {
			isa = PBXGroup;
			children = (
				A02586F51ED5788B006C980C /* AppDelegate.swift */,
				A02586F71ED5788B006C980C /* ViewController.swift */,
				A02586F91ED5788B006C980C /* Main.storyboard */,
				A02586FC1ED5788B006C980C /* Assets.xcassets */,
				A02586FE1ED5788B006C980C /* LaunchScreen.storyboard */,
				A02587011ED5788B006C980C /* Info.plist */,
			);
			path = RxTest;
			sourceTree = "<group>";
		};
		A02587091ED5788B006C980C /* RxTestTests */ = {
			isa = PBXGroup;
			children = (
				A025870A1ED5788B006C980C /* RxTestTests.swift */,
				A025870C1ED5788B006C980C /* Info.plist */,
				A025872D1ED57AFF006C980C /* ObservableBasicTest.swift */,
				A025872F1ED57B50006C980C /* Helpers.swift */,
			);
			path = RxTestTests;
			sourceTree = "<group>";
		};
		A02587151ED57941006C980C /* Frameworks */ = {
			isa = PBXGroup;
			children = (
				A02587291ED579F4006C980C /* RxBlocking.framework */,
				A02587261ED579F4006C980C /* RxCocoa.framework */,
				A02587231ED579F3006C980C /* RxSwift.framework */,
				A025871E1ED57956006C980C /* RxCocoa.framework */,
				A025871C1ED57951006C980C /* RxCocoa.framework */,
				A025871A1ED5794C006C980C /* RxBlocking.framework */,
				A02587181ED57948006C980C /* RxSwift.framework */,
				A02587161ED57941006C980C /* RxSwift.framework */,
			);
			name = Frameworks;
			sourceTree = "<group>";
		};
/* End PBXGroup section */

/* Begin PBXNativeTarget section */
		A02586F11ED5788B006C980C /* RxTest */ = {
			isa = PBXNativeTarget;
			buildConfigurationList = A025870F1ED5788B006C980C /* Build configuration list for PBXNativeTarget "RxTest" */;
			buildPhases = (
				A02586EE1ED5788B006C980C /* Sources */,
				A02586EF1ED5788B006C980C /* Frameworks */,
				A02586F01ED5788B006C980C /* Resources */,
				A025872C1ED579F4006C980C /* Embed Frameworks */,
			);
			buildRules = (
			);
			dependencies = (
			);
			name = RxTest;
			productName = RxTest;
			productReference = A02586F21ED5788B006C980C /* RxTest.app */;
			productType = "com.apple.product-type.application";
		};
		A02587051ED5788B006C980C /* RxTestTests */ = {
			isa = PBXNativeTarget;
			buildConfigurationList = A02587121ED5788B006C980C /* Build configuration list for PBXNativeTarget "RxTestTests" */;
			buildPhases = (
				A02587021ED5788B006C980C /* Sources */,
				A02587031ED5788B006C980C /* Frameworks */,
				A02587041ED5788B006C980C /* Resources */,
			);
			buildRules = (
			);
			dependencies = (
				A02587081ED5788B006C980C /* PBXTargetDependency */,
			);
			name = RxTestTests;
			productName = RxTestTests;
			productReference = A02587061ED5788B006C980C /* RxTestTests.xctest */;
			productType = "com.apple.product-type.bundle.unit-test";
		};
/* End PBXNativeTarget section */

/* Begin PBXProject section */
		A02586EA1ED5788B006C980C /* Project object */ = {
			isa = PBXProject;
			attributes = {
				LastSwiftUpdateCheck = 0830;
				LastUpgradeCheck = 0830;
				TargetAttributes = {
					A02586F11ED5788B006C980C = {
						CreatedOnToolsVersion = 8.3.2;
						ProvisioningStyle = Automatic;
					};
					A02587051ED5788B006C980C = {
						CreatedOnToolsVersion = 8.3.2;
						ProvisioningStyle = Automatic;
						TestTargetID = A02586F11ED5788B006C980C;
					};
				};
			};
			buildConfigurationList = A02586ED1ED5788B006C980C /* Build configuration list for PBXProject "RxTest" */;
			compatibilityVersion = "Xcode 3.2";
			developmentRegion = English;
			hasScannedForEncodings = 0;
			knownRegions = (
				en,
				Base,
			);
			mainGroup = A02586E91ED5788B006C980C;
			productRefGroup = A02586F31ED5788B006C980C /* Products */;
			projectDirPath = "";
			projectRoot = "";
			targets = (
				A02586F11ED5788B006C980C /* RxTest */,
				A02587051ED5788B006C980C /* RxTestTests */,
			);
		};
/* End PBXProject section */

/* Begin PBXResourcesBuildPhase section */
		A02586F01ED5788B006C980C /* Resources */ = {
			isa = PBXResourcesBuildPhase;
			buildActionMask = 2147483647;
			files = (
				A02587001ED5788B006C980C /* LaunchScreen.storyboard in Resources */,
				A02586FD1ED5788B006C980C /* Assets.xcassets in Resources */,
				A02586FB1ED5788B006C980C /* Main.storyboard in Resources */,
			);
			runOnlyForDeploymentPostprocessing = 0;
		};
		A02587041ED5788B006C980C /* Resources */ = {
			isa = PBXResourcesBuildPhase;
			buildActionMask = 2147483647;
			files = (
			);
			runOnlyForDeploymentPostprocessing = 0;
		};
/* End PBXResourcesBuildPhase section */

/* Begin PBXSourcesBuildPhase section */
		A02586EE1ED5788B006C980C /* Sources */ = {
			isa = PBXSourcesBuildPhase;
			buildActionMask = 2147483647;
			files = (
				A02586F81ED5788B006C980C /* ViewController.swift in Sources */,
				A02586F61ED5788B006C980C /* AppDelegate.swift in Sources */,
			);
			runOnlyForDeploymentPostprocessing = 0;
		};
		A02587021ED5788B006C980C /* Sources */ = {
			isa = PBXSourcesBuildPhase;
			buildActionMask = 2147483647;
			files = (
				A025870B1ED5788B006C980C /* RxTestTests.swift in Sources */,
				A02587301ED57B50006C980C /* Helpers.swift in Sources */,
				A025872E1ED57AFF006C980C /* ObservableBasicTest.swift in Sources */,
			);
			runOnlyForDeploymentPostprocessing = 0;
		};
/* End PBXSourcesBuildPhase section */

/* Begin PBXTargetDependency section */
		A02587081ED5788B006C980C /* PBXTargetDependency */ = {
			isa = PBXTargetDependency;
			target = A02586F11ED5788B006C980C /* RxTest */;
			targetProxy = A02587071ED5788B006C980C /* PBXContainerItemProxy */;
		};
/* End PBXTargetDependency section */

/* Begin PBXVariantGroup section */
		A02586F91ED5788B006C980C /* Main.storyboard */ = {
			isa = PBXVariantGroup;
			children = (
				A02586FA1ED5788B006C980C /* Base */,
			);
			name = Main.storyboard;
			sourceTree = "<group>";
		};
		A02586FE1ED5788B006C980C /* LaunchScreen.storyboard */ = {
			isa = PBXVariantGroup;
			children = (
				A02586FF1ED5788B006C980C /* Base */,
			);
			name = LaunchScreen.storyboard;
			sourceTree = "<group>";
		};
/* End PBXVariantGroup section */

/* Begin XCBuildConfiguration section */
		A025870D1ED5788B006C980C /* Debug */ = {
			isa = XCBuildConfiguration;
			buildSettings = {
				ALWAYS_SEARCH_USER_PATHS = NO;
				CLANG_ANALYZER_NONNULL = YES;
				CLANG_ANALYZER_NUMBER_OBJECT_CONVERSION = YES_AGGRESSIVE;
				CLANG_CXX_LANGUAGE_STANDARD = "gnu++0x";
				CLANG_CXX_LIBRARY = "libc++";
				CLANG_ENABLE_MODULES = YES;
				CLANG_ENABLE_OBJC_ARC = YES;
				CLANG_WARN_BOOL_CONVERSION = YES;
				CLANG_WARN_CONSTANT_CONVERSION = YES;
				CLANG_WARN_DIRECT_OBJC_ISA_USAGE = YES_ERROR;
				CLANG_WARN_DOCUMENTATION_COMMENTS = YES;
				CLANG_WARN_EMPTY_BODY = YES;
				CLANG_WARN_ENUM_CONVERSION = YES;
				CLANG_WARN_INFINITE_RECURSION = YES;
				CLANG_WARN_INT_CONVERSION = YES;
				CLANG_WARN_OBJC_ROOT_CLASS = YES_ERROR;
				CLANG_WARN_SUSPICIOUS_MOVE = YES;
				CLANG_WARN_UNREACHABLE_CODE = YES;
				CLANG_WARN__DUPLICATE_METHOD_MATCH = YES;
				"CODE_SIGN_IDENTITY[sdk=iphoneos*]" = "iPhone Developer";
				COPY_PHASE_STRIP = NO;
				DEBUG_INFORMATION_FORMAT = dwarf;
				ENABLE_STRICT_OBJC_MSGSEND = YES;
				ENABLE_TESTABILITY = YES;
				GCC_C_LANGUAGE_STANDARD = gnu99;
				GCC_DYNAMIC_NO_PIC = NO;
				GCC_NO_COMMON_BLOCKS = YES;
				GCC_OPTIMIZATION_LEVEL = 0;
				GCC_PREPROCESSOR_DEFINITIONS = (
					"DEBUG=1",
					"$(inherited)",
				);
				GCC_WARN_64_TO_32_BIT_CONVERSION = YES;
				GCC_WARN_ABOUT_RETURN_TYPE = YES_ERROR;
				GCC_WARN_UNDECLARED_SELECTOR = YES;
				GCC_WARN_UNINITIALIZED_AUTOS = YES_AGGRESSIVE;
				GCC_WARN_UNUSED_FUNCTION = YES;
				GCC_WARN_UNUSED_VARIABLE = YES;
				IPHONEOS_DEPLOYMENT_TARGET = 10.3;
				MTL_ENABLE_DEBUG_INFO = YES;
				ONLY_ACTIVE_ARCH = YES;
				SDKROOT = iphoneos;
				SWIFT_ACTIVE_COMPILATION_CONDITIONS = DEBUG;
				SWIFT_OPTIMIZATION_LEVEL = "-Onone";
				TARGETED_DEVICE_FAMILY = "1,2";
			};
			name = Debug;
		};
		A025870E1ED5788B006C980C /* Release */ = {
			isa = XCBuildConfiguration;
			buildSettings = {
				ALWAYS_SEARCH_USER_PATHS = NO;
				CLANG_ANALYZER_NONNULL = YES;
				CLANG_ANALYZER_NUMBER_OBJECT_CONVERSION = YES_AGGRESSIVE;
				CLANG_CXX_LANGUAGE_STANDARD = "gnu++0x";
				CLANG_CXX_LIBRARY = "libc++";
				CLANG_ENABLE_MODULES = YES;
				CLANG_ENABLE_OBJC_ARC = YES;
				CLANG_WARN_BOOL_CONVERSION = YES;
				CLANG_WARN_CONSTANT_CONVERSION = YES;
				CLANG_WARN_DIRECT_OBJC_ISA_USAGE = YES_ERROR;
				CLANG_WARN_DOCUMENTATION_COMMENTS = YES;
				CLANG_WARN_EMPTY_BODY = YES;
				CLANG_WARN_ENUM_CONVERSION = YES;
				CLANG_WARN_INFINITE_RECURSION = YES;
				CLANG_WARN_INT_CONVERSION = YES;
				CLANG_WARN_OBJC_ROOT_CLASS = YES_ERROR;
				CLANG_WARN_SUSPICIOUS_MOVE = YES;
				CLANG_WARN_UNREACHABLE_CODE = YES;
				CLANG_WARN__DUPLICATE_METHOD_MATCH = YES;
				"CODE_SIGN_IDENTITY[sdk=iphoneos*]" = "iPhone Developer";
				COPY_PHASE_STRIP = NO;
				DEBUG_INFORMATION_FORMAT = "dwarf-with-dsym";
				ENABLE_NS_ASSERTIONS = NO;
				ENABLE_STRICT_OBJC_MSGSEND = YES;
				GCC_C_LANGUAGE_STANDARD = gnu99;
				GCC_NO_COMMON_BLOCKS = YES;
				GCC_WARN_64_TO_32_BIT_CONVERSION = YES;
				GCC_WARN_ABOUT_RETURN_TYPE = YES_ERROR;
				GCC_WARN_UNDECLARED_SELECTOR = YES;
				GCC_WARN_UNINITIALIZED_AUTOS = YES_AGGRESSIVE;
				GCC_WARN_UNUSED_FUNCTION = YES;
				GCC_WARN_UNUSED_VARIABLE = YES;
				IPHONEOS_DEPLOYMENT_TARGET = 10.3;
				MTL_ENABLE_DEBUG_INFO = NO;
				SDKROOT = iphoneos;
				SWIFT_OPTIMIZATION_LEVEL = "-Owholemodule";
				TARGETED_DEVICE_FAMILY = "1,2";
				VALIDATE_PRODUCT = YES;
			};
			name = Release;
		};
		A02587101ED5788B006C980C /* Debug */ = {
			isa = XCBuildConfiguration;
			buildSettings = {
				ASSETCATALOG_COMPILER_APPICON_NAME = AppIcon;
				INFOPLIST_FILE = RxTest/Info.plist;
				LD_RUNPATH_SEARCH_PATHS = "$(inherited) @executable_path/Frameworks";
				PRODUCT_BUNDLE_IDENTIFIER = me.snippex.RxTest;
				PRODUCT_NAME = "$(TARGET_NAME)";
				SWIFT_VERSION = 3.0;
			};
			name = Debug;
		};
		A02587111ED5788B006C980C /* Release */ = {
			isa = XCBuildConfiguration;
			buildSettings = {
				ASSETCATALOG_COMPILER_APPICON_NAME = AppIcon;
				INFOPLIST_FILE = RxTest/Info.plist;
				LD_RUNPATH_SEARCH_PATHS = "$(inherited) @executable_path/Frameworks";
				PRODUCT_BUNDLE_IDENTIFIER = me.snippex.RxTest;
				PRODUCT_NAME = "$(TARGET_NAME)";
				SWIFT_VERSION = 3.0;
			};
			name = Release;
		};
		A02587131ED5788B006C980C /* Debug */ = {
			isa = XCBuildConfiguration;
			buildSettings = {
				ALWAYS_EMBED_SWIFT_STANDARD_LIBRARIES = YES;
				BUNDLE_LOADER = "$(TEST_HOST)";
				INFOPLIST_FILE = RxTestTests/Info.plist;
				LD_RUNPATH_SEARCH_PATHS = "$(inherited) @executable_path/Frameworks @loader_path/Frameworks";
				PRODUCT_BUNDLE_IDENTIFIER = me.snippex.RxTestTests;
				PRODUCT_NAME = "$(TARGET_NAME)";
				SWIFT_VERSION = 3.0;
				TEST_HOST = "$(BUILT_PRODUCTS_DIR)/RxTest.app/RxTest";
			};
			name = Debug;
		};
		A02587141ED5788B006C980C /* Release */ = {
			isa = XCBuildConfiguration;
			buildSettings = {
				ALWAYS_EMBED_SWIFT_STANDARD_LIBRARIES = YES;
				BUNDLE_LOADER = "$(TEST_HOST)";
				INFOPLIST_FILE = RxTestTests/Info.plist;
				LD_RUNPATH_SEARCH_PATHS = "$(inherited) @executable_path/Frameworks @loader_path/Frameworks";
				PRODUCT_BUNDLE_IDENTIFIER = me.snippex.RxTestTests;
				PRODUCT_NAME = "$(TARGET_NAME)";
				SWIFT_VERSION = 3.0;
				TEST_HOST = "$(BUILT_PRODUCTS_DIR)/RxTest.app/RxTest";
			};
			name = Release;
		};
/* End XCBuildConfiguration section */

/* Begin XCConfigurationList section */
		A02586ED1ED5788B006C980C /* Build configuration list for PBXProject "RxTest" */ = {
			isa = XCConfigurationList;
			buildConfigurations = (
				A025870D1ED5788B006C980C /* Debug */,
				A025870E1ED5788B006C980C /* Release */,
			);
			defaultConfigurationIsVisible = 0;
			defaultConfigurationName = Release;
		};
		A025870F1ED5788B006C980C /* Build configuration list for PBXNativeTarget "RxTest" */ = {
			isa = XCConfigurationList;
			buildConfigurations = (
				A02587101ED5788B006C980C /* Debug */,
				A02587111ED5788B006C980C /* Release */,
			);
			defaultConfigurationIsVisible = 0;
		};
		A02587121ED5788B006C980C /* Build configuration list for PBXNativeTarget "RxTestTests" */ = {
			isa = XCConfigurationList;
			buildConfigurations = (
				A02587131ED5788B006C980C /* Debug */,
				A02587141ED5788B006C980C /* Release */,
			);
			defaultConfigurationIsVisible = 0;
		};
/* End XCConfigurationList section */
	};
	rootObject = A02586EA1ED5788B006C980C /* Project object */;
}
